
Microsoft Visual Studio Solution File, Format Version 12.00
# Visual Studio Version 17
VisualStudioVersion = 17.7.34018.315
MinimumVisualStudioVersion = 10.0.40219.1
Project("{FAE04EC0-301F-11D3-BF4B-00C04F79EFBC}") = "AlpineSkiHouse", "AlpineSkiHouse\AlpineSkiHouse.csproj", "{BA2AB546-5F0A-4ED1-B0DE-BB0C9C4C0227}"
EndProject
Global
	GlobalSection(SolutionConfigurationPlatforms) = preSolution
		Debug|Any CPU = Debug|Any CPU
		Release|Any CPU = Release|Any CPU
	EndGlobalSection
	GlobalSection(ProjectConfigurationPlatforms) = postSolution
		{BA2AB546-5F0A-4ED1-B0DE-BB0C9C4C0227}.Debug|Any CPU.ActiveCfg = Debug|Any CPU
		{BA2AB546-5F0A-4ED1-B0DE-BB0C9C4C0227}.Debug|Any CPU.Build.0 = Debug|Any CPU
		{BA2AB546-5F0A-4ED1-B0DE-BB0C9C4C0227}.Release|Any CPU.ActiveCfg = Release|Any CPU
		{BA2AB546-5F0A-4ED1-B0DE-BB0C9C4C0227}.Release|Any CPU.Build.0 = Release|Any CPU
	EndGlobalSection
	GlobalSection(SolutionProperties) = preSolution
		HideSolutionNode = FALSE
	EndGlobalSection
	GlobalSection(ExtensibilityGlobals) = postSolution
		SolutionGuid = {E37C2DDB-09AA-445E-9615-8A3917DB7F28}
	EndGlobalSection
EndGlobal
